// !$*UTF8*$!
{
	archiveVersion = 1;
	classes = {
	};
	objectVersion = 50;
	objects = {

/* Begin PBXBuildFile section */
		758386E825820E39000F05B2 /* AppDelegate.swift in Sources */ = {isa = PBXBuildFile; fileRef = 758386E725820E39000F05B2 /* AppDelegate.swift */; };
		758386EA25820E39000F05B2 /* SceneDelegate.swift in Sources */ = {isa = PBXBuildFile; fileRef = 758386E925820E39000F05B2 /* SceneDelegate.swift */; };
		758386EC25820E39000F05B2 /* ViewController.swift in Sources */ = {isa = PBXBuildFile; fileRef = 758386EB25820E39000F05B2 /* ViewController.swift */; };
		758386EF25820E39000F05B2 /* Main.storyboard in Resources */ = {isa = PBXBuildFile; fileRef = 758386ED25820E39000F05B2 /* Main.storyboard */; };
		758386F125820E3D000F05B2 /* Assets.xcassets in Resources */ = {isa = PBXBuildFile; fileRef = 758386F025820E3D000F05B2 /* Assets.xcassets */; };
		758386F425820E3D000F05B2 /* LaunchScreen.storyboard in Resources */ = {isa = PBXBuildFile; fileRef = 758386F225820E3D000F05B2 /* LaunchScreen.storyboard */; };
		7583870D258214B1000F05B2 /* AppAlertView.swift in Sources */ = {isa = PBXBuildFile; fileRef = 7583870C258214B1000F05B2 /* AppAlertView.swift */; };
		7583870F258225DC000F05B2 /* NetworkConnectivityManager.swift in Sources */ = {isa = PBXBuildFile; fileRef = 7583870E258225DC000F05B2 /* NetworkConnectivityManager.swift */; };
		758387112582263C000F05B2 /* ActivityIndicator.swift in Sources */ = {isa = PBXBuildFile; fileRef = 758387102582263C000F05B2 /* ActivityIndicator.swift */; };
		7583871325822673000F05B2 /* CommonExtensions.swift in Sources */ = {isa = PBXBuildFile; fileRef = 7583871225822673000F05B2 /* CommonExtensions.swift */; };
		7583871525822B5D000F05B2 /* HomeViewController.swift in Sources */ = {isa = PBXBuildFile; fileRef = 7583871425822B5D000F05B2 /* HomeViewController.swift */; };
		7583871725822B6F000F05B2 /* HomeViewModel.swift in Sources */ = {isa = PBXBuildFile; fileRef = 7583871625822B6F000F05B2 /* HomeViewModel.swift */; };
		758387192582387B000F05B2 /* NetworkServices.swift in Sources */ = {isa = PBXBuildFile; fileRef = 758387182582387B000F05B2 /* NetworkServices.swift */; };
		7583871B25825A15000F05B2 /* LocationManager.swift in Sources */ = {isa = PBXBuildFile; fileRef = 7583871A25825A15000F05B2 /* LocationManager.swift */; };
		7583871D258264C8000F05B2 /* HomeModel.swift in Sources */ = {isa = PBXBuildFile; fileRef = 7583871C258264C8000F05B2 /* HomeModel.swift */; };
/* End PBXBuildFile section */

/* Begin PBXFileReference section */
		758386E425820E39000F05B2 /* WeatherDemo.app */ = {isa = PBXFileReference; explicitFileType = wrapper.application; includeInIndex = 0; path = WeatherDemo.app; sourceTree = BUILT_PRODUCTS_DIR; };
		758386E725820E39000F05B2 /* AppDelegate.swift */ = {isa = PBXFileReference; lastKnownFileType = sourcecode.swift; path = AppDelegate.swift; sourceTree = "<group>"; };
		758386E925820E39000F05B2 /* SceneDelegate.swift */ = {isa = PBXFileReference; lastKnownFileType = sourcecode.swift; path = SceneDelegate.swift; sourceTree = "<group>"; };
		758386EB25820E39000F05B2 /* ViewController.swift */ = {isa = PBXFileReference; lastKnownFileType = sourcecode.swift; path = ViewController.swift; sourceTree = "<group>"; };
		758386EE25820E39000F05B2 /* Base */ = {isa = PBXFileReference; lastKnownFileType = file.storyboard; name = Base; path = Base.lproj/Main.storyboard; sourceTree = "<group>"; };
		758386F025820E3D000F05B2 /* Assets.xcassets */ = {isa = PBXFileReference; lastKnownFileType = folder.assetcatalog; path = Assets.xcassets; sourceTree = "<group>"; };
		758386F325820E3D000F05B2 /* Base */ = {isa = PBXFileReference; lastKnownFileType = file.storyboard; name = Base; path = Base.lproj/LaunchScreen.storyboard; sourceTree = "<group>"; };
		758386F525820E3D000F05B2 /* Info.plist */ = {isa = PBXFileReference; lastKnownFileType = text.plist.xml; path = Info.plist; sourceTree = "<group>"; };
		7583870C258214B1000F05B2 /* AppAlertView.swift */ = {isa = PBXFileReference; lastKnownFileType = sourcecode.swift; path = AppAlertView.swift; sourceTree = "<group>"; };
		7583870E258225DC000F05B2 /* NetworkConnectivityManager.swift */ = {isa = PBXFileReference; lastKnownFileType = sourcecode.swift; path = NetworkConnectivityManager.swift; sourceTree = "<group>"; };
		758387102582263C000F05B2 /* ActivityIndicator.swift */ = {isa = PBXFileReference; lastKnownFileType = sourcecode.swift; path = ActivityIndicator.swift; sourceTree = "<group>"; };
		7583871225822673000F05B2 /* CommonExtensions.swift */ = {isa = PBXFileReference; lastKnownFileType = sourcecode.swift; path = CommonExtensions.swift; sourceTree = "<group>"; };
		7583871425822B5D000F05B2 /* HomeViewController.swift */ = {isa = PBXFileReference; lastKnownFileType = sourcecode.swift; path = HomeViewController.swift; sourceTree = "<group>"; };
		7583871625822B6F000F05B2 /* HomeViewModel.swift */ = {isa = PBXFileReference; lastKnownFileType = sourcecode.swift; path = HomeViewModel.swift; sourceTree = "<group>"; };
		758387182582387B000F05B2 /* NetworkServices.swift */ = {isa = PBXFileReference; lastKnownFileType = sourcecode.swift; path = NetworkServices.swift; sourceTree = "<group>"; };
		7583871A25825A15000F05B2 /* LocationManager.swift */ = {isa = PBXFileReference; lastKnownFileType = sourcecode.swift; path = LocationManager.swift; sourceTree = "<group>"; };
		7583871C258264C8000F05B2 /* HomeModel.swift */ = {isa = PBXFileReference; lastKnownFileType = sourcecode.swift; path = HomeModel.swift; sourceTree = "<group>"; };
/* End PBXFileReference section */

/* Begin PBXFrameworksBuildPhase section */
		758386E125820E39000F05B2 /* Frameworks */ = {
			isa = PBXFrameworksBuildPhase;
			buildActionMask = 2147483647;
			files = (
			);
			runOnlyForDeploymentPostprocessing = 0;
		};
/* End PBXFrameworksBuildPhase section */

/* Begin PBXGroup section */
		758386DB25820E39000F05B2 = {
			isa = PBXGroup;
			children = (
				758386E625820E39000F05B2 /* WeatherDemo */,
				758386E525820E39000F05B2 /* Products */,
			);
			sourceTree = "<group>";
		};
		758386E525820E39000F05B2 /* Products */ = {
			isa = PBXGroup;
			children = (
				758386E425820E39000F05B2 /* WeatherDemo.app */,
			);
			name = Products;
			sourceTree = "<group>";
		};
		758386E625820E39000F05B2 /* WeatherDemo */ = {
			isa = PBXGroup;
			children = (
				758386FB25821206000F05B2 /* WeatherDemo Services */,
				758386E725820E39000F05B2 /* AppDelegate.swift */,
				758386E925820E39000F05B2 /* SceneDelegate.swift */,
				758386EB25820E39000F05B2 /* ViewController.swift */,
				758386ED25820E39000F05B2 /* Main.storyboard */,
				758386F025820E3D000F05B2 /* Assets.xcassets */,
				758386F225820E3D000F05B2 /* LaunchScreen.storyboard */,
				758386F525820E3D000F05B2 /* Info.plist */,
			);
			path = WeatherDemo;
			sourceTree = "<group>";
		};
		758386FB25821206000F05B2 /* WeatherDemo Services */ = {
			isa = PBXGroup;
			children = (
				758386FC25821224000F05B2 /* Persistence Manager */,
				758386FD25821236000F05B2 /* Networking Manager */,
				758386FF2582126D000F05B2 /* Application Modules */,
				758386FE25821250000F05B2 /* Utilities */,
			);
			path = "WeatherDemo Services";
			sourceTree = "<group>";
		};
		758386FC25821224000F05B2 /* Persistence Manager */ = {
			isa = PBXGroup;
			children = (
			);
			path = "Persistence Manager";
			sourceTree = "<group>";
		};
		758386FD25821236000F05B2 /* Networking Manager */ = {
			isa = PBXGroup;
			children = (
				758387182582387B000F05B2 /* NetworkServices.swift */,
			);
			path = "Networking Manager";
			sourceTree = "<group>";
		};
		758386FE25821250000F05B2 /* Utilities */ = {
			isa = PBXGroup;
			children = (
				7583870C258214B1000F05B2 /* AppAlertView.swift */,
				7583870E258225DC000F05B2 /* NetworkConnectivityManager.swift */,
				758387102582263C000F05B2 /* ActivityIndicator.swift */,
				7583871225822673000F05B2 /* CommonExtensions.swift */,
				7583871A25825A15000F05B2 /* LocationManager.swift */,
			);
			path = Utilities;
			sourceTree = "<group>";
		};
		758386FF2582126D000F05B2 /* Application Modules */ = {
			isa = PBXGroup;
			children = (
				75838700258213DC000F05B2 /* Home Module */,
				7583870225821403000F05B2 /* Weather Detail Module */,
				75838701258213F6000F05B2 /* Weather List Module */,
			);
			path = "Application Modules";
			sourceTree = "<group>";
		};
		75838700258213DC000F05B2 /* Home Module */ = {
			isa = PBXGroup;
			children = (
				7583870525821437000F05B2 /* DataModel */,
				758387042582142D000F05B2 /* ViewModel */,
				7583870325821425000F05B2 /* Controller */,
			);
			path = "Home Module";
			sourceTree = "<group>";
		};
		75838701258213F6000F05B2 /* Weather List Module */ = {
			isa = PBXGroup;
			children = (
				7583870B2582149C000F05B2 /* DataModel */,
				7583870A25821494000F05B2 /* ViewModel */,
				758387092582148D000F05B2 /* Controller */,
			);
			path = "Weather List Module";
			sourceTree = "<group>";
		};
		7583870225821403000F05B2 /* Weather Detail Module */ = {
			isa = PBXGroup;
			children = (
				7583870825821482000F05B2 /* DataModel */,
				758387072582147B000F05B2 /* ViewModel */,
				758387062582146E000F05B2 /* Controller */,
			);
			path = "Weather Detail Module";
			sourceTree = "<group>";
		};
		7583870325821425000F05B2 /* Controller */ = {
			isa = PBXGroup;
			children = (
				7583871425822B5D000F05B2 /* HomeViewController.swift */,
			);
			path = Controller;
			sourceTree = "<group>";
		};
		758387042582142D000F05B2 /* ViewModel */ = {
			isa = PBXGroup;
			children = (
				7583871625822B6F000F05B2 /* HomeViewModel.swift */,
			);
			path = ViewModel;
			sourceTree = "<group>";
		};
		7583870525821437000F05B2 /* DataModel */ = {
			isa = PBXGroup;
			children = (
				7583871C258264C8000F05B2 /* HomeModel.swift */,
			);
			path = DataModel;
			sourceTree = "<group>";
		};
		758387062582146E000F05B2 /* Controller */ = {
			isa = PBXGroup;
			children = (
			);
			path = Controller;
			sourceTree = "<group>";
		};
		758387072582147B000F05B2 /* ViewModel */ = {
			isa = PBXGroup;
			children = (
			);
			path = ViewModel;
			sourceTree = "<group>";
		};
		7583870825821482000F05B2 /* DataModel */ = {
			isa = PBXGroup;
			children = (
			);
			path = DataModel;
			sourceTree = "<group>";
		};
		758387092582148D000F05B2 /* Controller */ = {
			isa = PBXGroup;
			children = (
			);
			path = Controller;
			sourceTree = "<group>";
		};
		7583870A25821494000F05B2 /* ViewModel */ = {
			isa = PBXGroup;
			children = (
			);
			path = ViewModel;
			sourceTree = "<group>";
		};
		7583870B2582149C000F05B2 /* DataModel */ = {
			isa = PBXGroup;
			children = (
			);
			path = DataModel;
			sourceTree = "<group>";
		};
/* End PBXGroup section */

/* Begin PBXNativeTarget section */
		758386E325820E39000F05B2 /* WeatherDemo */ = {
			isa = PBXNativeTarget;
			buildConfigurationList = 758386F825820E3D000F05B2 /* Build configuration list for PBXNativeTarget "WeatherDemo" */;
			buildPhases = (
				758386E025820E39000F05B2 /* Sources */,
				758386E125820E39000F05B2 /* Frameworks */,
				758386E225820E39000F05B2 /* Resources */,
			);
			buildRules = (
			);
			dependencies = (
			);
			name = WeatherDemo;
			productName = WeatherDemo;
			productReference = 758386E425820E39000F05B2 /* WeatherDemo.app */;
			productType = "com.apple.product-type.application";
		};
/* End PBXNativeTarget section */

/* Begin PBXProject section */
		758386DC25820E39000F05B2 /* Project object */ = {
			isa = PBXProject;
			attributes = {
				LastSwiftUpdateCheck = 1150;
				LastUpgradeCheck = 1150;
				ORGANIZATIONNAME = Demo;
				TargetAttributes = {
					758386E325820E39000F05B2 = {
						CreatedOnToolsVersion = 11.5;
					};
				};
			};
			buildConfigurationList = 758386DF25820E39000F05B2 /* Build configuration list for PBXProject "WeatherDemo" */;
			compatibilityVersion = "Xcode 9.3";
			developmentRegion = en;
			hasScannedForEncodings = 0;
			knownRegions = (
				en,
				Base,
			);
			mainGroup = 758386DB25820E39000F05B2;
			productRefGroup = 758386E525820E39000F05B2 /* Products */;
			projectDirPath = "";
			projectRoot = "";
			targets = (
				758386E325820E39000F05B2 /* WeatherDemo */,
			);
		};
/* End PBXProject section */

/* Begin PBXResourcesBuildPhase section */
		758386E225820E39000F05B2 /* Resources */ = {
			isa = PBXResourcesBuildPhase;
			buildActionMask = 2147483647;
			files = (
				758386F425820E3D000F05B2 /* LaunchScreen.storyboard in Resources */,
				758386F125820E3D000F05B2 /* Assets.xcassets in Resources */,
				758386EF25820E39000F05B2 /* Main.storyboard in Resources */,
			);
			runOnlyForDeploymentPostprocessing = 0;
		};
/* End PBXResourcesBuildPhase section */

/* Begin PBXSourcesBuildPhase section */
		758386E025820E39000F05B2 /* Sources */ = {
			isa = PBXSourcesBuildPhase;
			buildActionMask = 2147483647;
			files = (
				758387192582387B000F05B2 /* NetworkServices.swift in Sources */,
				7583871D258264C8000F05B2 /* HomeModel.swift in Sources */,
				758386EC25820E39000F05B2 /* ViewController.swift in Sources */,
				7583871725822B6F000F05B2 /* HomeViewModel.swift in Sources */,
				7583871B25825A15000F05B2 /* LocationManager.swift in Sources */,
				7583870D258214B1000F05B2 /* AppAlertView.swift in Sources */,
				758386E825820E39000F05B2 /* AppDelegate.swift in Sources */,
				7583871525822B5D000F05B2 /* HomeViewController.swift in Sources */,
				758386EA25820E39000F05B2 /* SceneDelegate.swift in Sources */,
				758387112582263C000F05B2 /* ActivityIndicator.swift in Sources */,
				7583870F258225DC000F05B2 /* NetworkConnectivityManager.swift in Sources */,
				7583871325822673000F05B2 /* CommonExtensions.swift in Sources */,
			);
			runOnlyForDeploymentPostprocessing = 0;
		};
/* End PBXSourcesBuildPhase section */

/* Begin PBXVariantGroup section */
		758386ED25820E39000F05B2 /* Main.storyboard */ = {
			isa = PBXVariantGroup;
			children = (
				758386EE25820E39000F05B2 /* Base */,
			);
			name = Main.storyboard;
			sourceTree = "<group>";
		};
		758386F225820E3D000F05B2 /* LaunchScreen.storyboard */ = {
			isa = PBXVariantGroup;
			children = (
				758386F325820E3D000F05B2 /* Base */,
			);
			name = LaunchScreen.storyboard;
			sourceTree = "<group>";
		};
/* End PBXVariantGroup section */

/* Begin XCBuildConfiguration section */
		758386F625820E3D000F05B2 /* Debug */ = {
			isa = XCBuildConfiguration;
			buildSettings = {
				ALWAYS_SEARCH_USER_PATHS = NO;
				CLANG_ANALYZER_NONNULL = YES;
				CLANG_ANALYZER_NUMBER_OBJECT_CONVERSION = YES_AGGRESSIVE;
				CLANG_CXX_LANGUAGE_STANDARD = "gnu++14";
				CLANG_CXX_LIBRARY = "libc++";
				CLANG_ENABLE_MODULES = YES;
				CLANG_ENABLE_OBJC_ARC = YES;
				CLANG_ENABLE_OBJC_WEAK = YES;
				CLANG_WARN_BLOCK_CAPTURE_AUTORELEASING = YES;
				CLANG_WARN_BOOL_CONVERSION = YES;
				CLANG_WARN_COMMA = YES;
				CLANG_WARN_CONSTANT_CONVERSION = YES;
				CLANG_WARN_DEPRECATED_OBJC_IMPLEMENTATIONS = YES;
				CLANG_WARN_DIRECT_OBJC_ISA_USAGE = YES_ERROR;
				CLANG_WARN_DOCUMENTATION_COMMENTS = YES;
				CLANG_WARN_EMPTY_BODY = YES;
				CLANG_WARN_ENUM_CONVERSION = YES;
				CLANG_WARN_INFINITE_RECURSION = YES;
				CLANG_WARN_INT_CONVERSION = YES;
				CLANG_WARN_NON_LITERAL_NULL_CONVERSION = YES;
				CLANG_WARN_OBJC_IMPLICIT_RETAIN_SELF = YES;
				CLANG_WARN_OBJC_LITERAL_CONVERSION = YES;
				CLANG_WARN_OBJC_ROOT_CLASS = YES_ERROR;
				CLANG_WARN_RANGE_LOOP_ANALYSIS = YES;
				CLANG_WARN_STRICT_PROTOTYPES = YES;
				CLANG_WARN_SUSPICIOUS_MOVE = YES;
				CLANG_WARN_UNGUARDED_AVAILABILITY = YES_AGGRESSIVE;
				CLANG_WARN_UNREACHABLE_CODE = YES;
				CLANG_WARN__DUPLICATE_METHOD_MATCH = YES;
				COPY_PHASE_STRIP = NO;
				DEBUG_INFORMATION_FORMAT = dwarf;
				ENABLE_STRICT_OBJC_MSGSEND = YES;
				ENABLE_TESTABILITY = YES;
				GCC_C_LANGUAGE_STANDARD = gnu11;
				GCC_DYNAMIC_NO_PIC = NO;
				GCC_NO_COMMON_BLOCKS = YES;
				GCC_OPTIMIZATION_LEVEL = 0;
				GCC_PREPROCESSOR_DEFINITIONS = (
					"DEBUG=1",
					"$(inherited)",
				);
				GCC_WARN_64_TO_32_BIT_CONVERSION = YES;
				GCC_WARN_ABOUT_RETURN_TYPE = YES_ERROR;
				GCC_WARN_UNDECLARED_SELECTOR = YES;
				GCC_WARN_UNINITIALIZED_AUTOS = YES_AGGRESSIVE;
				GCC_WARN_UNUSED_FUNCTION = YES;
				GCC_WARN_UNUSED_VARIABLE = YES;
				IPHONEOS_DEPLOYMENT_TARGET = 13.5;
				MTL_ENABLE_DEBUG_INFO = INCLUDE_SOURCE;
				MTL_FAST_MATH = YES;
				ONLY_ACTIVE_ARCH = YES;
				SDKROOT = iphoneos;
				SWIFT_ACTIVE_COMPILATION_CONDITIONS = DEBUG;
				SWIFT_OPTIMIZATION_LEVEL = "-Onone";
			};
			name = Debug;
		};
		758386F725820E3D000F05B2 /* Release */ = {
			isa = XCBuildConfiguration;
			buildSettings = {
				ALWAYS_SEARCH_USER_PATHS = NO;
				CLANG_ANALYZER_NONNULL = YES;
				CLANG_ANALYZER_NUMBER_OBJECT_CONVERSION = YES_AGGRESSIVE;
				CLANG_CXX_LANGUAGE_STANDARD = "gnu++14";
				CLANG_CXX_LIBRARY = "libc++";
				CLANG_ENABLE_MODULES = YES;
				CLANG_ENABLE_OBJC_ARC = YES;
				CLANG_ENABLE_OBJC_WEAK = YES;
				CLANG_WARN_BLOCK_CAPTURE_AUTORELEASING = YES;
				CLANG_WARN_BOOL_CONVERSION = YES;
				CLANG_WARN_COMMA = YES;
				CLANG_WARN_CONSTANT_CONVERSION = YES;
				CLANG_WARN_DEPRECATED_OBJC_IMPLEMENTATIONS = YES;
				CLANG_WARN_DIRECT_OBJC_ISA_USAGE = YES_ERROR;
				CLANG_WARN_DOCUMENTATION_COMMENTS = YES;
				CLANG_WARN_EMPTY_BODY = YES;
				CLANG_WARN_ENUM_CONVERSION = YES;
				CLANG_WARN_INFINITE_RECURSION = YES;
				CLANG_WARN_INT_CONVERSION = YES;
				CLANG_WARN_NON_LITERAL_NULL_CONVERSION = YES;
				CLANG_WARN_OBJC_IMPLICIT_RETAIN_SELF = YES;
				CLANG_WARN_OBJC_LITERAL_CONVERSION = YES;
				CLANG_WARN_OBJC_ROOT_CLASS = YES_ERROR;
				CLANG_WARN_RANGE_LOOP_ANALYSIS = YES;
				CLANG_WARN_STRICT_PROTOTYPES = YES;
				CLANG_WARN_SUSPICIOUS_MOVE = YES;
				CLANG_WARN_UNGUARDED_AVAILABILITY = YES_AGGRESSIVE;
				CLANG_WARN_UNREACHABLE_CODE = YES;
				CLANG_WARN__DUPLICATE_METHOD_MATCH = YES;
				COPY_PHASE_STRIP = NO;
				DEBUG_INFORMATION_FORMAT = "dwarf-with-dsym";
				ENABLE_NS_ASSERTIONS = NO;
				ENABLE_STRICT_OBJC_MSGSEND = YES;
				GCC_C_LANGUAGE_STANDARD = gnu11;
				GCC_NO_COMMON_BLOCKS = YES;
				GCC_WARN_64_TO_32_BIT_CONVERSION = YES;
				GCC_WARN_ABOUT_RETURN_TYPE = YES_ERROR;
				GCC_WARN_UNDECLARED_SELECTOR = YES;
				GCC_WARN_UNINITIALIZED_AUTOS = YES_AGGRESSIVE;
				GCC_WARN_UNUSED_FUNCTION = YES;
				GCC_WARN_UNUSED_VARIABLE = YES;
				IPHONEOS_DEPLOYMENT_TARGET = 13.5;
				MTL_ENABLE_DEBUG_INFO = NO;
				MTL_FAST_MATH = YES;
				SDKROOT = iphoneos;
				SWIFT_COMPILATION_MODE = wholemodule;
				SWIFT_OPTIMIZATION_LEVEL = "-O";
				VALIDATE_PRODUCT = YES;
			};
			name = Release;
		};
		758386F925820E3D000F05B2 /* Debug */ = {
			isa = XCBuildConfiguration;
			buildSettings = {
				ASSETCATALOG_COMPILER_APPICON_NAME = AppIcon;
				CODE_SIGN_STYLE = Automatic;
				DEVELOPMENT_TEAM = W662Y98MK3;
				INFOPLIST_FILE = WeatherDemo/Info.plist;
				LD_RUNPATH_SEARCH_PATHS = (
					"$(inherited)",
					"@executable_path/Frameworks",
				);
				PRODUCT_BUNDLE_IDENTIFIER = com.demo.WeatherDemo;
				PRODUCT_NAME = "$(TARGET_NAME)";
				SWIFT_VERSION = 5.0;
				TARGETED_DEVICE_FAMILY = "1,2";
			};
			name = Debug;
		};
		758386FA25820E3D000F05B2 /* Release */ = {
			isa = XCBuildConfiguration;
			buildSettings = {
				ASSETCATALOG_COMPILER_APPICON_NAME = AppIcon;
				CODE_SIGN_STYLE = Automatic;
				DEVELOPMENT_TEAM = W662Y98MK3;
				INFOPLIST_FILE = WeatherDemo/Info.plist;
				LD_RUNPATH_SEARCH_PATHS = (
					"$(inherited)",
					"@executable_path/Frameworks",
				);
				PRODUCT_BUNDLE_IDENTIFIER = com.demo.WeatherDemo;
				PRODUCT_NAME = "$(TARGET_NAME)";
				SWIFT_VERSION = 5.0;
				TARGETED_DEVICE_FAMILY = "1,2";
			};
			name = Release;
		};
/* End XCBuildConfiguration section */

/* Begin XCConfigurationList section */
		758386DF25820E39000F05B2 /* Build configuration list for PBXProject "WeatherDemo" */ = {
			isa = XCConfigurationList;
			buildConfigurations = (
				758386F625820E3D000F05B2 /* Debug */,
				758386F725820E3D000F05B2 /* Release */,
			);
			defaultConfigurationIsVisible = 0;
			defaultConfigurationName = Release;
		};
		758386F825820E3D000F05B2 /* Build configuration list for PBXNativeTarget "WeatherDemo" */ = {
			isa = XCConfigurationList;
			buildConfigurations = (
				758386F925820E3D000F05B2 /* Debug */,
				758386FA25820E3D000F05B2 /* Release */,
			);
			defaultConfigurationIsVisible = 0;
			defaultConfigurationName = Release;
		};
/* End XCConfigurationList section */
	};
	rootObject = 758386DC25820E39000F05B2 /* Project object */;
}
